
Microsoft Visual Studio Solution File, Format Version 12.00
# Visual Studio Version 17
VisualStudioVersion = 17.4.33213.308
MinimumVisualStudioVersion = 10.0.40219.1
Project("{9A19103F-16F7-4668-BE54-9A1E7A4F7556}") = "HealthAppDevlopment", "HealthAppDevlopment\HealthAppDevlopment.csproj", "{26752CAC-9068-4A4F-85B5-299B016B6F4A}"
EndProject
Project("{2150E333-8FDC-42A3-9474-1A3956D46DE8}") = "Solution Items", "Solution Items", "{E2517245-2B79-4D0D-97A9-AEA6951E3B58}"
	ProjectSection(SolutionItems) = preProject
		.editorconfig = .editorconfig
	EndProjectSection
EndProject
Global
	GlobalSection(SolutionConfigurationPlatforms) = preSolution
		Debug|Any CPU = Debug|Any CPU
		Release|Any CPU = Release|Any CPU
	EndGlobalSection
	GlobalSection(ProjectConfigurationPlatforms) = postSolution
		{26752CAC-9068-4A4F-85B5-299B016B6F4A}.Debug|Any CPU.ActiveCfg = Debug|Any CPU
		{26752CAC-9068-4A4F-85B5-299B016B6F4A}.Debug|Any CPU.Build.0 = Debug|Any CPU
		{26752CAC-9068-4A4F-85B5-299B016B6F4A}.Release|Any CPU.ActiveCfg = Release|Any CPU
		{26752CAC-9068-4A4F-85B5-299B016B6F4A}.Release|Any CPU.Build.0 = Release|Any CPU
	EndGlobalSection
	GlobalSection(SolutionProperties) = preSolution
		HideSolutionNode = FALSE
	EndGlobalSection
	GlobalSection(ExtensibilityGlobals) = postSolution
		SolutionGuid = {049F7A21-5D38-444F-8712-D486B2983D47}
	EndGlobalSection
EndGlobal
